// !$*UTF8*$!
{
	archiveVersion = 1;
	classes = {
	};
	objectVersion = 77;
	objects = {

/* Begin PBXBuildFile section */
		8437544A2DEFB4A400405D59 /* No More Pay in Four Extension.appex in Embed Foundation Extensions */ = {isa = PBXBuildFile; fileRef = 843754492DEFB4A400405D59 /* No More Pay in Four Extension.appex */; settings = {ATTRIBUTES = (RemoveHeadersOnCopy, ); }; };
		843754542DEFB4A400405D59 /* No More Pay in Four Extension.appex in Embed Foundation Extensions */ = {isa = PBXBuildFile; fileRef = 843754532DEFB4A400405D59 /* No More Pay in Four Extension.appex */; settings = {ATTRIBUTES = (RemoveHeadersOnCopy, ); }; };
/* End PBXBuildFile section */

/* Begin PBXContainerItemProxy section */
		8437544B2DEFB4A400405D59 /* PBXContainerItemProxy */ = {
			isa = PBXContainerItemProxy;
			containerPortal = 8437540F2DEFB4A200405D59 /* Project object */;
			proxyType = 1;
			remoteGlobalIDString = 843754482DEFB4A400405D59;
			remoteInfo = "No More Pay in Four Extension (iOS)";
		};
		843754552DEFB4A400405D59 /* PBXContainerItemProxy */ = {
			isa = PBXContainerItemProxy;
			containerPortal = 8437540F2DEFB4A200405D59 /* Project object */;
			proxyType = 1;
			remoteGlobalIDString = 843754522DEFB4A400405D59;
			remoteInfo = "No More Pay in Four Extension (macOS)";
		};
/* End PBXContainerItemProxy section */

/* Begin PBXCopyFilesBuildPhase section */
		8437547D2DEFB4A400405D59 /* Embed Foundation Extensions */ = {
			isa = PBXCopyFilesBuildPhase;
			buildActionMask = 2147483647;
			dstPath = "";
			dstSubfolderSpec = 13;
			files = (
				8437544A2DEFB4A400405D59 /* No More Pay in Four Extension.appex in Embed Foundation Extensions */,
			);
			name = "Embed Foundation Extensions";
			runOnlyForDeploymentPostprocessing = 0;
		};
		843754872DEFB4A400405D59 /* Embed Foundation Extensions */ = {
			isa = PBXCopyFilesBuildPhase;
			buildActionMask = 2147483647;
			dstPath = "";
			dstSubfolderSpec = 13;
			files = (
				843754542DEFB4A400405D59 /* No More Pay in Four Extension.appex in Embed Foundation Extensions */,
			);
			name = "Embed Foundation Extensions";
			runOnlyForDeploymentPostprocessing = 0;
		};
/* End PBXCopyFilesBuildPhase section */

/* Begin PBXFileReference section */
		8437542B2DEFB4A400405D59 /* No More Pay in Four.app */ = {isa = PBXFileReference; explicitFileType = wrapper.application; includeInIndex = 0; path = "No More Pay in Four.app"; sourceTree = BUILT_PRODUCTS_DIR; };
		8437543D2DEFB4A400405D59 /* No More Pay in Four.app */ = {isa = PBXFileReference; explicitFileType = wrapper.application; includeInIndex = 0; path = "No More Pay in Four.app"; sourceTree = BUILT_PRODUCTS_DIR; };
		843754492DEFB4A400405D59 /* No More Pay in Four Extension.appex */ = {isa = PBXFileReference; explicitFileType = "wrapper.app-extension"; includeInIndex = 0; path = "No More Pay in Four Extension.appex"; sourceTree = BUILT_PRODUCTS_DIR; };
		843754532DEFB4A400405D59 /* No More Pay in Four Extension.appex */ = {isa = PBXFileReference; explicitFileType = "wrapper.app-extension"; includeInIndex = 0; path = "No More Pay in Four Extension.appex"; sourceTree = BUILT_PRODUCTS_DIR; };
/* End PBXFileReference section */

/* Begin PBXFileSystemSynchronizedBuildFileExceptionSet section */
		843754782DEFB4A400405D59 /* Exceptions for "Shared (App)" folder in "No More Pay in Four (iOS)" target */ = {
			isa = PBXFileSystemSynchronizedBuildFileExceptionSet;
			membershipExceptions = (
				"/Localized: Resources/Main.html",
				Assets.xcassets,
				Resources/Icon.png,
				Resources/Script.js,
				Resources/Style.css,
				ViewController.swift,
			);
			target = 8437542A2DEFB4A400405D59 /* No More Pay in Four (iOS) */;
		};
		8437547C2DEFB4A400405D59 /* Exceptions for "iOS (Extension)" folder in "No More Pay in Four Extension (iOS)" target */ = {
			isa = PBXFileSystemSynchronizedBuildFileExceptionSet;
			membershipExceptions = (
				Info.plist,
			);
			target = 843754482DEFB4A400405D59 /* No More Pay in Four Extension (iOS) */;
		};
		843754812DEFB4A400405D59 /* Exceptions for "iOS (App)" folder in "No More Pay in Four (iOS)" target */ = {
			isa = PBXFileSystemSynchronizedBuildFileExceptionSet;
			membershipExceptions = (
				Info.plist,
			);
			target = 8437542A2DEFB4A400405D59 /* No More Pay in Four (iOS) */;
		};
		843754822DEFB4A400405D59 /* Exceptions for "Shared (App)" folder in "No More Pay in Four (macOS)" target */ = {
			isa = PBXFileSystemSynchronizedBuildFileExceptionSet;
			membershipExceptions = (
				"/Localized: Resources/Main.html",
				Assets.xcassets,
				Resources/Icon.png,
				Resources/Script.js,
				Resources/Style.css,
				ViewController.swift,
			);
			target = 8437543C2DEFB4A400405D59 /* No More Pay in Four (macOS) */;
		};
		843754862DEFB4A400405D59 /* Exceptions for "macOS (Extension)" folder in "No More Pay in Four Extension (macOS)" target */ = {
			isa = PBXFileSystemSynchronizedBuildFileExceptionSet;
			membershipExceptions = (
				Info.plist,
			);
			target = 843754522DEFB4A400405D59 /* No More Pay in Four Extension (macOS) */;
		};
		8437548B2DEFB4A400405D59 /* Exceptions for "Shared (Extension)" folder in "No More Pay in Four Extension (iOS)" target */ = {
			isa = PBXFileSystemSynchronizedBuildFileExceptionSet;
			membershipExceptions = (
				Resources/_locales,
				Resources/background.js,
				Resources/content.js,
				Resources/images,
				Resources/manifest.json,
				Resources/popup.css,
				Resources/popup.html,
				Resources/popup.js,
				SafariWebExtensionHandler.swift,
			);
			target = 843754482DEFB4A400405D59 /* No More Pay in Four Extension (iOS) */;
		};
		8437548C2DEFB4A400405D59 /* Exceptions for "Shared (Extension)" folder in "No More Pay in Four Extension (macOS)" target */ = {
			isa = PBXFileSystemSynchronizedBuildFileExceptionSet;
			membershipExceptions = (
				Resources/_locales,
				Resources/background.js,
				Resources/content.js,
				Resources/images,
				Resources/manifest.json,
				Resources/popup.css,
				Resources/popup.html,
				Resources/popup.js,
				SafariWebExtensionHandler.swift,
			);
			target = 843754522DEFB4A400405D59 /* No More Pay in Four Extension (macOS) */;
		};
/* End PBXFileSystemSynchronizedBuildFileExceptionSet section */

/* Begin PBXFileSystemSynchronizedRootGroup section */
		843754132DEFB4A200405D59 /* Shared (App) */ = {
			isa = PBXFileSystemSynchronizedRootGroup;
			exceptions = (
				843754782DEFB4A400405D59 /* Exceptions for "Shared (App)" folder in "No More Pay in Four (iOS)" target */,
				843754822DEFB4A400405D59 /* Exceptions for "Shared (App)" folder in "No More Pay in Four (macOS)" target */,
			);
			path = "Shared (App)";
			sourceTree = "<group>";
		};
		8437541C2DEFB4A400405D59 /* Shared (Extension) */ = {
			isa = PBXFileSystemSynchronizedRootGroup;
			exceptions = (
				8437548B2DEFB4A400405D59 /* Exceptions for "Shared (Extension)" folder in "No More Pay in Four Extension (iOS)" target */,
				8437548C2DEFB4A400405D59 /* Exceptions for "Shared (Extension)" folder in "No More Pay in Four Extension (macOS)" target */,
			);
			explicitFolders = (
				Resources/_locales,
				Resources/images,
			);
			path = "Shared (Extension)";
			sourceTree = "<group>";
		};
		8437542D2DEFB4A400405D59 /* iOS (App) */ = {
			isa = PBXFileSystemSynchronizedRootGroup;
			exceptions = (
				843754812DEFB4A400405D59 /* Exceptions for "iOS (App)" folder in "No More Pay in Four (iOS)" target */,
			);
			path = "iOS (App)";
			sourceTree = "<group>";
		};
		8437543E2DEFB4A400405D59 /* macOS (App) */ = {
			isa = PBXFileSystemSynchronizedRootGroup;
			path = "macOS (App)";
			sourceTree = "<group>";
		};
		8437544D2DEFB4A400405D59 /* iOS (Extension) */ = {
			isa = PBXFileSystemSynchronizedRootGroup;
			exceptions = (
				8437547C2DEFB4A400405D59 /* Exceptions for "iOS (Extension)" folder in "No More Pay in Four Extension (iOS)" target */,
			);
			path = "iOS (Extension)";
			sourceTree = "<group>";
		};
		843754572DEFB4A400405D59 /* macOS (Extension) */ = {
			isa = PBXFileSystemSynchronizedRootGroup;
			exceptions = (
				843754862DEFB4A400405D59 /* Exceptions for "macOS (Extension)" folder in "No More Pay in Four Extension (macOS)" target */,
			);
			path = "macOS (Extension)";
			sourceTree = "<group>";
		};
/* End PBXFileSystemSynchronizedRootGroup section */

/* Begin PBXFrameworksBuildPhase section */
		843754282DEFB4A400405D59 /* Frameworks */ = {
			isa = PBXFrameworksBuildPhase;
			buildActionMask = 2147483647;
			files = (
			);
			runOnlyForDeploymentPostprocessing = 0;
		};
		8437543A2DEFB4A400405D59 /* Frameworks */ = {
			isa = PBXFrameworksBuildPhase;
			buildActionMask = 2147483647;
			files = (
			);
			runOnlyForDeploymentPostprocessing = 0;
		};
		843754462DEFB4A400405D59 /* Frameworks */ = {
			isa = PBXFrameworksBuildPhase;
			buildActionMask = 2147483647;
			files = (
			);
			runOnlyForDeploymentPostprocessing = 0;
		};
		843754502DEFB4A400405D59 /* Frameworks */ = {
			isa = PBXFrameworksBuildPhase;
			buildActionMask = 2147483647;
			files = (
			);
			runOnlyForDeploymentPostprocessing = 0;
		};
/* End PBXFrameworksBuildPhase section */

/* Begin PBXGroup section */
		8437540E2DEFB4A200405D59 = {
			isa = PBXGroup;
			children = (
				843754132DEFB4A200405D59 /* Shared (App) */,
				8437541C2DEFB4A400405D59 /* Shared (Extension) */,
				8437542D2DEFB4A400405D59 /* iOS (App) */,
				8437543E2DEFB4A400405D59 /* macOS (App) */,
				8437544D2DEFB4A400405D59 /* iOS (Extension) */,
				843754572DEFB4A400405D59 /* macOS (Extension) */,
				8437542C2DEFB4A400405D59 /* Products */,
			);
			sourceTree = "<group>";
		};
		8437542C2DEFB4A400405D59 /* Products */ = {
			isa = PBXGroup;
			children = (
				8437542B2DEFB4A400405D59 /* No More Pay in Four.app */,
				8437543D2DEFB4A400405D59 /* No More Pay in Four.app */,
				843754492DEFB4A400405D59 /* No More Pay in Four Extension.appex */,
				843754532DEFB4A400405D59 /* No More Pay in Four Extension.appex */,
			);
			name = Products;
			sourceTree = "<group>";
		};
/* End PBXGroup section */

/* Begin PBXNativeTarget section */
		8437542A2DEFB4A400405D59 /* No More Pay in Four (iOS) */ = {
			isa = PBXNativeTarget;
			buildConfigurationList = 8437547E2DEFB4A400405D59 /* Build configuration list for PBXNativeTarget "No More Pay in Four (iOS)" */;
			buildPhases = (
				843754272DEFB4A400405D59 /* Sources */,
				843754282DEFB4A400405D59 /* Frameworks */,
				843754292DEFB4A400405D59 /* Resources */,
				8437547D2DEFB4A400405D59 /* Embed Foundation Extensions */,
			);
			buildRules = (
			);
			dependencies = (
				8437544C2DEFB4A400405D59 /* PBXTargetDependency */,
			);
			fileSystemSynchronizedGroups = (
				8437542D2DEFB4A400405D59 /* iOS (App) */,
			);
			name = "No More Pay in Four (iOS)";
			packageProductDependencies = (
			);
			productName = "No More Pay in Four (iOS)";
			productReference = 8437542B2DEFB4A400405D59 /* No More Pay in Four.app */;
			productType = "com.apple.product-type.application";
		};
		8437543C2DEFB4A400405D59 /* No More Pay in Four (macOS) */ = {
			isa = PBXNativeTarget;
			buildConfigurationList = 843754882DEFB4A400405D59 /* Build configuration list for PBXNativeTarget "No More Pay in Four (macOS)" */;
			buildPhases = (
				843754392DEFB4A400405D59 /* Sources */,
				8437543A2DEFB4A400405D59 /* Frameworks */,
				8437543B2DEFB4A400405D59 /* Resources */,
				843754872DEFB4A400405D59 /* Embed Foundation Extensions */,
			);
			buildRules = (
			);
			dependencies = (
				843754562DEFB4A400405D59 /* PBXTargetDependency */,
			);
			fileSystemSynchronizedGroups = (
				8437543E2DEFB4A400405D59 /* macOS (App) */,
			);
			name = "No More Pay in Four (macOS)";
			packageProductDependencies = (
			);
			productName = "No More Pay in Four (macOS)";
			productReference = 8437543D2DEFB4A400405D59 /* No More Pay in Four.app */;
			productType = "com.apple.product-type.application";
		};
		843754482DEFB4A400405D59 /* No More Pay in Four Extension (iOS) */ = {
			isa = PBXNativeTarget;
			buildConfigurationList = 843754792DEFB4A400405D59 /* Build configuration list for PBXNativeTarget "No More Pay in Four Extension (iOS)" */;
			buildPhases = (
				843754452DEFB4A400405D59 /* Sources */,
				843754462DEFB4A400405D59 /* Frameworks */,
				843754472DEFB4A400405D59 /* Resources */,
			);
			buildRules = (
			);
			dependencies = (
			);
			fileSystemSynchronizedGroups = (
				8437544D2DEFB4A400405D59 /* iOS (Extension) */,
			);
			name = "No More Pay in Four Extension (iOS)";
			packageProductDependencies = (
			);
			productName = "No More Pay in Four Extension (iOS)";
			productReference = 843754492DEFB4A400405D59 /* No More Pay in Four Extension.appex */;
			productType = "com.apple.product-type.app-extension";
		};
		843754522DEFB4A400405D59 /* No More Pay in Four Extension (macOS) */ = {
			isa = PBXNativeTarget;
			buildConfigurationList = 843754832DEFB4A400405D59 /* Build configuration list for PBXNativeTarget "No More Pay in Four Extension (macOS)" */;
			buildPhases = (
				8437544F2DEFB4A400405D59 /* Sources */,
				843754502DEFB4A400405D59 /* Frameworks */,
				843754512DEFB4A400405D59 /* Resources */,
			);
			buildRules = (
			);
			dependencies = (
			);
			fileSystemSynchronizedGroups = (
				843754572DEFB4A400405D59 /* macOS (Extension) */,
			);
			name = "No More Pay in Four Extension (macOS)";
			packageProductDependencies = (
			);
			productName = "No More Pay in Four Extension (macOS)";
			productReference = 843754532DEFB4A400405D59 /* No More Pay in Four Extension.appex */;
			productType = "com.apple.product-type.app-extension";
		};
/* End PBXNativeTarget section */

/* Begin PBXProject section */
		8437540F2DEFB4A200405D59 /* Project object */ = {
			isa = PBXProject;
			attributes = {
				BuildIndependentTargetsInParallel = 1;
				LastSwiftUpdateCheck = 1630;
				LastUpgradeCheck = 1630;
				TargetAttributes = {
					8437542A2DEFB4A400405D59 = {
						CreatedOnToolsVersion = 16.3;
					};
					8437543C2DEFB4A400405D59 = {
						CreatedOnToolsVersion = 16.3;
					};
					843754482DEFB4A400405D59 = {
						CreatedOnToolsVersion = 16.3;
					};
					843754522DEFB4A400405D59 = {
						CreatedOnToolsVersion = 16.3;
					};
				};
			};
			buildConfigurationList = 843754122DEFB4A200405D59 /* Build configuration list for PBXProject "No More Pay in Four" */;
			developmentRegion = en;
			hasScannedForEncodings = 0;
			knownRegions = (
				en,
				Base,
			);
			mainGroup = 8437540E2DEFB4A200405D59;
			minimizedProjectReferenceProxies = 1;
			preferredProjectObjectVersion = 77;
			productRefGroup = 8437542C2DEFB4A400405D59 /* Products */;
			projectDirPath = "";
			projectRoot = "";
			targets = (
				8437542A2DEFB4A400405D59 /* No More Pay in Four (iOS) */,
				8437543C2DEFB4A400405D59 /* No More Pay in Four (macOS) */,
				843754482DEFB4A400405D59 /* No More Pay in Four Extension (iOS) */,
				843754522DEFB4A400405D59 /* No More Pay in Four Extension (macOS) */,
			);
		};
/* End PBXProject section */

/* Begin PBXResourcesBuildPhase section */
		843754292DEFB4A400405D59 /* Resources */ = {
			isa = PBXResourcesBuildPhase;
			buildActionMask = 2147483647;
			files = (
			);
			runOnlyForDeploymentPostprocessing = 0;
		};
		8437543B2DEFB4A400405D59 /* Resources */ = {
			isa = PBXResourcesBuildPhase;
			buildActionMask = 2147483647;
			files = (
			);
			runOnlyForDeploymentPostprocessing = 0;
		};
		843754472DEFB4A400405D59 /* Resources */ = {
			isa = PBXResourcesBuildPhase;
			buildActionMask = 2147483647;
			files = (
			);
			runOnlyForDeploymentPostprocessing = 0;
		};
		843754512DEFB4A400405D59 /* Resources */ = {
			isa = PBXResourcesBuildPhase;
			buildActionMask = 2147483647;
			files = (
			);
			runOnlyForDeploymentPostprocessing = 0;
		};
/* End PBXResourcesBuildPhase section */

/* Begin PBXSourcesBuildPhase section */
		843754272DEFB4A400405D59 /* Sources */ = {
			isa = PBXSourcesBuildPhase;
			buildActionMask = 2147483647;
			files = (
			);
			runOnlyForDeploymentPostprocessing = 0;
		};
		843754392DEFB4A400405D59 /* Sources */ = {
			isa = PBXSourcesBuildPhase;
			buildActionMask = 2147483647;
			files = (
			);
			runOnlyForDeploymentPostprocessing = 0;
		};
		843754452DEFB4A400405D59 /* Sources */ = {
			isa = PBXSourcesBuildPhase;
			buildActionMask = 2147483647;
			files = (
			);
			runOnlyForDeploymentPostprocessing = 0;
		};
		8437544F2DEFB4A400405D59 /* Sources */ = {
			isa = PBXSourcesBuildPhase;
			buildActionMask = 2147483647;
			files = (
			);
			runOnlyForDeploymentPostprocessing = 0;
		};
/* End PBXSourcesBuildPhase section */

/* Begin PBXTargetDependency section */
		8437544C2DEFB4A400405D59 /* PBXTargetDependency */ = {
			isa = PBXTargetDependency;
			target = 843754482DEFB4A400405D59 /* No More Pay in Four Extension (iOS) */;
			targetProxy = 8437544B2DEFB4A400405D59 /* PBXContainerItemProxy */;
		};
		843754562DEFB4A400405D59 /* PBXTargetDependency */ = {
			isa = PBXTargetDependency;
			target = 843754522DEFB4A400405D59 /* No More Pay in Four Extension (macOS) */;
			targetProxy = 843754552DEFB4A400405D59 /* PBXContainerItemProxy */;
		};
/* End PBXTargetDependency section */

/* Begin XCBuildConfiguration section */
		8437547A2DEFB4A400405D59 /* Debug */ = {
			isa = XCBuildConfiguration;
			buildSettings = {
				CODE_SIGN_STYLE = Automatic;
				CURRENT_PROJECT_VERSION = 1;
				GENERATE_INFOPLIST_FILE = YES;
				INFOPLIST_FILE = "iOS (Extension)/Info.plist";
				INFOPLIST_KEY_CFBundleDisplayName = "No More Pay in Four Extension";
				INFOPLIST_KEY_NSHumanReadableCopyright = "";
				IPHONEOS_DEPLOYMENT_TARGET = 15.0;
				LD_RUNPATH_SEARCH_PATHS = (
					"$(inherited)",
					"@executable_path/Frameworks",
					"@executable_path/../../Frameworks",
				);
				MARKETING_VERSION = 1.0;
				OTHER_LDFLAGS = (
					"-framework",
					SafariServices,
				);
				PRODUCT_BUNDLE_IDENTIFIER = "Jules-Castel.No-More-Pay-in-Four.Extension";
				PRODUCT_NAME = "No More Pay in Four Extension";
				SDKROOT = iphoneos;
				SKIP_INSTALL = YES;
				SWIFT_EMIT_LOC_STRINGS = YES;
				SWIFT_VERSION = 5.0;
				TARGETED_DEVICE_FAMILY = "1,2";
			};
			name = Debug;
		};
		8437547B2DEFB4A400405D59 /* Release */ = {
			isa = XCBuildConfiguration;
			buildSettings = {
				CODE_SIGN_STYLE = Automatic;
				CURRENT_PROJECT_VERSION = 1;
				GENERATE_INFOPLIST_FILE = YES;
				INFOPLIST_FILE = "iOS (Extension)/Info.plist";
				INFOPLIST_KEY_CFBundleDisplayName = "No More Pay in Four Extension";
				INFOPLIST_KEY_NSHumanReadableCopyright = "";
				IPHONEOS_DEPLOYMENT_TARGET = 15.0;
				LD_RUNPATH_SEARCH_PATHS = (
					"$(inherited)",
					"@executable_path/Frameworks",
					"@executable_path/../../Frameworks",
				);
				MARKETING_VERSION = 1.0;
				OTHER_LDFLAGS = (
					"-framework",
					SafariServices,
				);
				PRODUCT_BUNDLE_IDENTIFIER = "Jules-Castel.No-More-Pay-in-Four.Extension";
				PRODUCT_NAME = "No More Pay in Four Extension";
				SDKROOT = iphoneos;
				SKIP_INSTALL = YES;
				SWIFT_EMIT_LOC_STRINGS = YES;
				SWIFT_VERSION = 5.0;
				TARGETED_DEVICE_FAMILY = "1,2";
				VALIDATE_PRODUCT = YES;
			};
			name = Release;
		};
		8437547F2DEFB4A400405D59 /* Debug */ = {
			isa = XCBuildConfiguration;
			buildSettings = {
				ASSETCATALOG_COMPILER_APPICON_NAME = AppIcon;
				ASSETCATALOG_COMPILER_GLOBAL_ACCENT_COLOR_NAME = AccentColor;
				CODE_SIGN_STYLE = Automatic;
				CURRENT_PROJECT_VERSION = 1;
				GENERATE_INFOPLIST_FILE = YES;
				INFOPLIST_FILE = "iOS (App)/Info.plist";
				INFOPLIST_KEY_CFBundleDisplayName = "No More Pay in Four";
				INFOPLIST_KEY_UIApplicationSupportsIndirectInputEvents = YES;
				INFOPLIST_KEY_UILaunchStoryboardName = LaunchScreen;
				INFOPLIST_KEY_UIMainStoryboardFile = Main;
				INFOPLIST_KEY_UISupportedInterfaceOrientations = "UIInterfaceOrientationPortrait UIInterfaceOrientationLandscapeLeft UIInterfaceOrientationLandscapeRight";
				INFOPLIST_KEY_UISupportedInterfaceOrientations_iPad = "UIInterfaceOrientationPortrait UIInterfaceOrientationPortraitUpsideDown UIInterfaceOrientationLandscapeLeft UIInterfaceOrientationLandscapeRight";
				IPHONEOS_DEPLOYMENT_TARGET = 15.0;
				LD_RUNPATH_SEARCH_PATHS = (
					"$(inherited)",
					"@executable_path/Frameworks",
				);
				MARKETING_VERSION = 1.0;
				OTHER_LDFLAGS = (
					"-framework",
					SafariServices,
					"-framework",
					WebKit,
				);
				PRODUCT_BUNDLE_IDENTIFIER = "Jules-Castel.No-More-Pay-in-Four";
				PRODUCT_NAME = "No More Pay in Four";
				SDKROOT = iphoneos;
				SWIFT_EMIT_LOC_STRINGS = YES;
				SWIFT_VERSION = 5.0;
				TARGETED_DEVICE_FAMILY = "1,2";
			};
			name = Debug;
		};
		843754802DEFB4A400405D59 /* Release */ = {
			isa = XCBuildConfiguration;
			buildSettings = {
				ASSETCATALOG_COMPILER_APPICON_NAME = AppIcon;
				ASSETCATALOG_COMPILER_GLOBAL_ACCENT_COLOR_NAME = AccentColor;
				CODE_SIGN_STYLE = Automatic;
				CURRENT_PROJECT_VERSION = 1;
				GENERATE_INFOPLIST_FILE = YES;
				INFOPLIST_FILE = "iOS (App)/Info.plist";
				INFOPLIST_KEY_CFBundleDisplayName = "No More Pay in Four";
				INFOPLIST_KEY_UIApplicationSupportsIndirectInputEvents = YES;
				INFOPLIST_KEY_UILaunchStoryboardName = LaunchScreen;
				INFOPLIST_KEY_UIMainStoryboardFile = Main;
				INFOPLIST_KEY_UISupportedInterfaceOrientations = "UIInterfaceOrientationPortrait UIInterfaceOrientationLandscapeLeft UIInterfaceOrientationLandscapeRight";
				INFOPLIST_KEY_UISupportedInterfaceOrientations_iPad = "UIInterfaceOrientationPortrait UIInterfaceOrientationPortraitUpsideDown UIInterfaceOrientationLandscapeLeft UIInterfaceOrientationLandscapeRight";
				IPHONEOS_DEPLOYMENT_TARGET = 15.0;
				LD_RUNPATH_SEARCH_PATHS = (
					"$(inherited)",
					"@executable_path/Frameworks",
				);
				MARKETING_VERSION = 1.0;
				OTHER_LDFLAGS = (
					"-framework",
					SafariServices,
					"-framework",
					WebKit,
				);
				PRODUCT_BUNDLE_IDENTIFIER = "Jules-Castel.No-More-Pay-in-Four";
				PRODUCT_NAME = "No More Pay in Four";
				SDKROOT = iphoneos;
				SWIFT_EMIT_LOC_STRINGS = YES;
				SWIFT_VERSION = 5.0;
				TARGETED_DEVICE_FAMILY = "1,2";
				VALIDATE_PRODUCT = YES;
			};
			name = Release;
		};
		843754842DEFB4A400405D59 /* Debug */ = {
			isa = XCBuildConfiguration;
			buildSettings = {
				CODE_SIGN_ENTITLEMENTS = "macOS (Extension)/No More Pay in Four.entitlements";
				CODE_SIGN_STYLE = Automatic;
				CURRENT_PROJECT_VERSION = 1;
				ENABLE_HARDENED_RUNTIME = YES;
				GENERATE_INFOPLIST_FILE = YES;
				INFOPLIST_FILE = "macOS (Extension)/Info.plist";
				INFOPLIST_KEY_CFBundleDisplayName = "No More Pay in Four Extension";
				INFOPLIST_KEY_NSHumanReadableCopyright = "";
				LD_RUNPATH_SEARCH_PATHS = (
					"$(inherited)",
					"@executable_path/../Frameworks",
					"@executable_path/../../../../Frameworks",
				);
				MACOSX_DEPLOYMENT_TARGET = 10.14;
				MARKETING_VERSION = 1.0;
				OTHER_LDFLAGS = (
					"-framework",
					SafariServices,
				);
				PRODUCT_BUNDLE_IDENTIFIER = "Jules-Castel.No-More-Pay-in-Four.Extension";
				PRODUCT_NAME = "No More Pay in Four Extension";
				SDKROOT = macosx;
				SKIP_INSTALL = YES;
				SWIFT_EMIT_LOC_STRINGS = YES;
				SWIFT_VERSION = 5.0;
			};
			name = Debug;
		};
		843754852DEFB4A400405D59 /* Release */ = {
			isa = XCBuildConfiguration;
			buildSettings = {
				CODE_SIGN_ENTITLEMENTS = "macOS (Extension)/No More Pay in Four.entitlements";
				CODE_SIGN_STYLE = Automatic;
				CURRENT_PROJECT_VERSION = 1;
				ENABLE_HARDENED_RUNTIME = YES;
				GENERATE_INFOPLIST_FILE = YES;
				INFOPLIST_FILE = "macOS (Extension)/Info.plist";
				INFOPLIST_KEY_CFBundleDisplayName = "No More Pay in Four Extension";
				INFOPLIST_KEY_NSHumanReadableCopyright = "";
				LD_RUNPATH_SEARCH_PATHS = (
					"$(inherited)",
					"@executable_path/../Frameworks",
					"@executable_path/../../../../Frameworks",
				);
				MACOSX_DEPLOYMENT_TARGET = 10.14;
				MARKETING_VERSION = 1.0;
				OTHER_LDFLAGS = (
					"-framework",
					SafariServices,
				);
				PRODUCT_BUNDLE_IDENTIFIER = "Jules-Castel.No-More-Pay-in-Four.Extension";
				PRODUCT_NAME = "No More Pay in Four Extension";
				SDKROOT = macosx;
				SKIP_INSTALL = YES;
				SWIFT_EMIT_LOC_STRINGS = YES;
				SWIFT_VERSION = 5.0;
			};
			name = Release;
		};
		843754892DEFB4A400405D59 /* Debug */ = {
			isa = XCBuildConfiguration;
			buildSettings = {
				ASSETCATALOG_COMPILER_APPICON_NAME = AppIcon;
				ASSETCATALOG_COMPILER_GLOBAL_ACCENT_COLOR_NAME = AccentColor;
				CODE_SIGN_ENTITLEMENTS = "macOS (App)/No More Pay in Four.entitlements";
				CODE_SIGN_STYLE = Automatic;
				CURRENT_PROJECT_VERSION = 1;
				ENABLE_HARDENED_RUNTIME = YES;
				GENERATE_INFOPLIST_FILE = YES;
				INFOPLIST_KEY_CFBundleDisplayName = "No More Pay in Four";
				INFOPLIST_KEY_NSMainStoryboardFile = Main;
				INFOPLIST_KEY_NSPrincipalClass = NSApplication;
				LD_RUNPATH_SEARCH_PATHS = (
					"$(inherited)",
					"@executable_path/../Frameworks",
				);
				MACOSX_DEPLOYMENT_TARGET = 10.14;
				MARKETING_VERSION = 1.0;
				OTHER_LDFLAGS = (
					"-framework",
					SafariServices,
					"-framework",
					WebKit,
				);
				PRODUCT_BUNDLE_IDENTIFIER = "Jules-Castel.No-More-Pay-in-Four";
				PRODUCT_NAME = "No More Pay in Four";
				REGISTER_APP_GROUPS = YES;
				SDKROOT = macosx;
				SWIFT_EMIT_LOC_STRINGS = YES;
				SWIFT_VERSION = 5.0;
			};
			name = Debug;
		};
		8437548A2DEFB4A400405D59 /* Release */ = {
			isa = XCBuildConfiguration;
			buildSettings = {
				ASSETCATALOG_COMPILER_APPICON_NAME = AppIcon;
				ASSETCATALOG_COMPILER_GLOBAL_ACCENT_COLOR_NAME = AccentColor;
				CODE_SIGN_ENTITLEMENTS = "macOS (App)/No More Pay in Four.entitlements";
				CODE_SIGN_STYLE = Automatic;
				CURRENT_PROJECT_VERSION = 1;
				ENABLE_HARDENED_RUNTIME = YES;
				GENERATE_INFOPLIST_FILE = YES;
				INFOPLIST_KEY_CFBundleDisplayName = "No More Pay in Four";
				INFOPLIST_KEY_NSMainStoryboardFile = Main;
				INFOPLIST_KEY_NSPrincipalClass = NSApplication;
				LD_RUNPATH_SEARCH_PATHS = (
					"$(inherited)",
					"@executable_path/../Frameworks",
				);
				MACOSX_DEPLOYMENT_TARGET = 10.14;
				MARKETING_VERSION = 1.0;
				OTHER_LDFLAGS = (
					"-framework",
					SafariServices,
					"-framework",
					WebKit,
				);
				PRODUCT_BUNDLE_IDENTIFIER = "Jules-Castel.No-More-Pay-in-Four";
				PRODUCT_NAME = "No More Pay in Four";
				REGISTER_APP_GROUPS = YES;
				SDKROOT = macosx;
				SWIFT_EMIT_LOC_STRINGS = YES;
				SWIFT_VERSION = 5.0;
			};
			name = Release;
		};
		8437548D2DEFB4A400405D59 /* Debug */ = {
			isa = XCBuildConfiguration;
			buildSettings = {
				ALWAYS_SEARCH_USER_PATHS = NO;
				ASSETCATALOG_COMPILER_GENERATE_SWIFT_ASSET_SYMBOL_EXTENSIONS = YES;
				CLANG_ANALYZER_NONNULL = YES;
				CLANG_ANALYZER_NUMBER_OBJECT_CONVERSION = YES_AGGRESSIVE;
				CLANG_CXX_LANGUAGE_STANDARD = "gnu++20";
				CLANG_ENABLE_MODULES = YES;
				CLANG_ENABLE_OBJC_ARC = YES;
				CLANG_ENABLE_OBJC_WEAK = YES;
				CLANG_WARN_BLOCK_CAPTURE_AUTORELEASING = YES;
				CLANG_WARN_BOOL_CONVERSION = YES;
				CLANG_WARN_COMMA = YES;
				CLANG_WARN_CONSTANT_CONVERSION = YES;
				CLANG_WARN_DEPRECATED_OBJC_IMPLEMENTATIONS = YES;
				CLANG_WARN_DIRECT_OBJC_ISA_USAGE = YES_ERROR;
				CLANG_WARN_DOCUMENTATION_COMMENTS = YES;
				CLANG_WARN_EMPTY_BODY = YES;
				CLANG_WARN_ENUM_CONVERSION = YES;
				CLANG_WARN_INFINITE_RECURSION = YES;
				CLANG_WARN_INT_CONVERSION = YES;
				CLANG_WARN_NON_LITERAL_NULL_CONVERSION = YES;
				CLANG_WARN_OBJC_IMPLICIT_RETAIN_SELF = YES;
				CLANG_WARN_OBJC_LITERAL_CONVERSION = YES;
				CLANG_WARN_OBJC_ROOT_CLASS = YES_ERROR;
				CLANG_WARN_QUOTED_INCLUDE_IN_FRAMEWORK_HEADER = YES;
				CLANG_WARN_RANGE_LOOP_ANALYSIS = YES;
				CLANG_WARN_STRICT_PROTOTYPES = YES;
				CLANG_WARN_SUSPICIOUS_MOVE = YES;
				CLANG_WARN_UNGUARDED_AVAILABILITY = YES_AGGRESSIVE;
				CLANG_WARN_UNREACHABLE_CODE = YES;
				CLANG_WARN__DUPLICATE_METHOD_MATCH = YES;
				COPY_PHASE_STRIP = NO;
				DEBUG_INFORMATION_FORMAT = dwarf;
				ENABLE_STRICT_OBJC_MSGSEND = YES;
				ENABLE_TESTABILITY = YES;
				ENABLE_USER_SCRIPT_SANDBOXING = YES;
				GCC_C_LANGUAGE_STANDARD = gnu17;
				GCC_DYNAMIC_NO_PIC = NO;
				GCC_NO_COMMON_BLOCKS = YES;
				GCC_OPTIMIZATION_LEVEL = 0;
				GCC_PREPROCESSOR_DEFINITIONS = (
					"DEBUG=1",
					"$(inherited)",
				);
				GCC_WARN_64_TO_32_BIT_CONVERSION = YES;
				GCC_WARN_ABOUT_RETURN_TYPE = YES_ERROR;
				GCC_WARN_UNDECLARED_SELECTOR = YES;
				GCC_WARN_UNINITIALIZED_AUTOS = YES_AGGRESSIVE;
				GCC_WARN_UNUSED_FUNCTION = YES;
				GCC_WARN_UNUSED_VARIABLE = YES;
				LOCALIZATION_PREFERS_STRING_CATALOGS = YES;
				MTL_ENABLE_DEBUG_INFO = INCLUDE_SOURCE;
				MTL_FAST_MATH = YES;
				ONLY_ACTIVE_ARCH = YES;
				SWIFT_ACTIVE_COMPILATION_CONDITIONS = "DEBUG $(inherited)";
				SWIFT_OPTIMIZATION_LEVEL = "-Onone";
			};
			name = Debug;
		};
		8437548E2DEFB4A400405D59 /* Release */ = {
			isa = XCBuildConfiguration;
			buildSettings = {
				ALWAYS_SEARCH_USER_PATHS = NO;
				ASSETCATALOG_COMPILER_GENERATE_SWIFT_ASSET_SYMBOL_EXTENSIONS = YES;
				CLANG_ANALYZER_NONNULL = YES;
				CLANG_ANALYZER_NUMBER_OBJECT_CONVERSION = YES_AGGRESSIVE;
				CLANG_CXX_LANGUAGE_STANDARD = "gnu++20";
				CLANG_ENABLE_MODULES = YES;
				CLANG_ENABLE_OBJC_ARC = YES;
				CLANG_ENABLE_OBJC_WEAK = YES;
				CLANG_WARN_BLOCK_CAPTURE_AUTORELEASING = YES;
				CLANG_WARN_BOOL_CONVERSION = YES;
				CLANG_WARN_COMMA = YES;
				CLANG_WARN_CONSTANT_CONVERSION = YES;
				CLANG_WARN_DEPRECATED_OBJC_IMPLEMENTATIONS = YES;
				CLANG_WARN_DIRECT_OBJC_ISA_USAGE = YES_ERROR;
				CLANG_WARN_DOCUMENTATION_COMMENTS = YES;
				CLANG_WARN_EMPTY_BODY = YES;
				CLANG_WARN_ENUM_CONVERSION = YES;
				CLANG_WARN_INFINITE_RECURSION = YES;
				CLANG_WARN_INT_CONVERSION = YES;
				CLANG_WARN_NON_LITERAL_NULL_CONVERSION = YES;
				CLANG_WARN_OBJC_IMPLICIT_RETAIN_SELF = YES;
				CLANG_WARN_OBJC_LITERAL_CONVERSION = YES;
				CLANG_WARN_OBJC_ROOT_CLASS = YES_ERROR;
				CLANG_WARN_QUOTED_INCLUDE_IN_FRAMEWORK_HEADER = YES;
				CLANG_WARN_RANGE_LOOP_ANALYSIS = YES;
				CLANG_WARN_STRICT_PROTOTYPES = YES;
				CLANG_WARN_SUSPICIOUS_MOVE = YES;
				CLANG_WARN_UNGUARDED_AVAILABILITY = YES_AGGRESSIVE;
				CLANG_WARN_UNREACHABLE_CODE = YES;
				CLANG_WARN__DUPLICATE_METHOD_MATCH = YES;
				COPY_PHASE_STRIP = NO;
				DEBUG_INFORMATION_FORMAT = "dwarf-with-dsym";
				ENABLE_NS_ASSERTIONS = NO;
				ENABLE_STRICT_OBJC_MSGSEND = YES;
				ENABLE_USER_SCRIPT_SANDBOXING = YES;
				GCC_C_LANGUAGE_STANDARD = gnu17;
				GCC_NO_COMMON_BLOCKS = YES;
				GCC_WARN_64_TO_32_BIT_CONVERSION = YES;
				GCC_WARN_ABOUT_RETURN_TYPE = YES_ERROR;
				GCC_WARN_UNDECLARED_SELECTOR = YES;
				GCC_WARN_UNINITIALIZED_AUTOS = YES_AGGRESSIVE;
				GCC_WARN_UNUSED_FUNCTION = YES;
				GCC_WARN_UNUSED_VARIABLE = YES;
				LOCALIZATION_PREFERS_STRING_CATALOGS = YES;
				MTL_ENABLE_DEBUG_INFO = NO;
				MTL_FAST_MATH = YES;
				SWIFT_COMPILATION_MODE = wholemodule;
			};
			name = Release;
		};
/* End XCBuildConfiguration section */

/* Begin XCConfigurationList section */
		843754122DEFB4A200405D59 /* Build configuration list for PBXProject "No More Pay in Four" */ = {
			isa = XCConfigurationList;
			buildConfigurations = (
				8437548D2DEFB4A400405D59 /* Debug */,
				8437548E2DEFB4A400405D59 /* Release */,
			);
			defaultConfigurationIsVisible = 0;
			defaultConfigurationName = Release;
		};
		843754792DEFB4A400405D59 /* Build configuration list for PBXNativeTarget "No More Pay in Four Extension (iOS)" */ = {
			isa = XCConfigurationList;
			buildConfigurations = (
				8437547A2DEFB4A400405D59 /* Debug */,
				8437547B2DEFB4A400405D59 /* Release */,
			);
			defaultConfigurationIsVisible = 0;
			defaultConfigurationName = Release;
		};
		8437547E2DEFB4A400405D59 /* Build configuration list for PBXNativeTarget "No More Pay in Four (iOS)" */ = {
			isa = XCConfigurationList;
			buildConfigurations = (
				8437547F2DEFB4A400405D59 /* Debug */,
				843754802DEFB4A400405D59 /* Release */,
			);
			defaultConfigurationIsVisible = 0;
			defaultConfigurationName = Release;
		};
		843754832DEFB4A400405D59 /* Build configuration list for PBXNativeTarget "No More Pay in Four Extension (macOS)" */ = {
			isa = XCConfigurationList;
			buildConfigurations = (
				843754842DEFB4A400405D59 /* Debug */,
				843754852DEFB4A400405D59 /* Release */,
			);
			defaultConfigurationIsVisible = 0;
			defaultConfigurationName = Release;
		};
		843754882DEFB4A400405D59 /* Build configuration list for PBXNativeTarget "No More Pay in Four (macOS)" */ = {
			isa = XCConfigurationList;
			buildConfigurations = (
				843754892DEFB4A400405D59 /* Debug */,
				8437548A2DEFB4A400405D59 /* Release */,
			);
			defaultConfigurationIsVisible = 0;
			defaultConfigurationName = Release;
		};
/* End XCConfigurationList section */
	};
	rootObject = 8437540F2DEFB4A200405D59 /* Project object */;
}
